{
  "name": "hyperquest",
  "version": "2.1.2",
  "dependencies": {
    "agentkeepalive": {
      "version": "3.1.0",
      "resolved": "https://registry.npmjs.org/agentkeepalive/-/agentkeepalive-3.1.0.tgz",
      "integrity": "sha1-A5Ok8eaPhdNViHwucWgbKPO33zU="
    },
    "buffer-from": {
      "version": "0.1.1",
      "resolved": "https://registry.npmjs.org/buffer-from/-/buffer-from-0.1.1.tgz",
      "integrity": "sha1-V7GLHaChnsBvM4N6UnWiQjUb114="
    },
    "core-util-is": {
      "version": "1.0.2",
      "resolved": "https://registry.npmjs.org/core-util-is/-/core-util-is-1.0.2.tgz",
      "integrity": "sha1-tf1UIgqivFq1eqtxQMlAdUUDwac="
    },
    "deep-equal": {
      "version": "0.2.2",
      "resolved": "https://registry.npmjs.org/deep-equal/-/deep-equal-0.2.2.tgz",
      "integrity": "sha1-hLdFiW80xoTpjyzg5Cq69Du6AX0=",
      "dev": true
    },
    "defined": {
      "version": "0.0.0",
      "resolved": "https://registry.npmjs.org/defined/-/defined-0.0.0.tgz",
      "integrity": "sha1-817qfXBekzuvE7LwOz+D2SFAOz4=",
      "dev": true
    },
    "duplexer2": {
      "version": "0.0.2",
      "resolved": "https://registry.npmjs.org/duplexer2/-/duplexer2-0.0.2.tgz",
      "integrity": "sha1-xhTc9n4vsUmVqRcR5aYX6KYKMds="
    },
    "glob": {
      "version": "3.2.11",
      "resolved": "https://registry.npmjs.org/glob/-/glob-3.2.11.tgz",
      "integrity": "sha1-Spc/Y1uRkPcV0QmH1cAP0oFevj0=",
      "dev": true
    },
    "has-symbol-support-x": {
      "version": "1.2.0",
      "resolved": "https://registry.npmjs.org/has-symbol-support-x/-/has-symbol-support-x-1.2.0.tgz",
      "integrity": "sha1-5iTq1RkMNbNOTimTRN/2Q32wLOI="
    },
    "has-to-string-tag-x": {
      "version": "1.2.0",
      "resolved": "https://registry.npmjs.org/has-to-string-tag-x/-/has-to-string-tag-x-1.2.0.tgz",
      "integrity": "sha1-xTbcTbvr4b6dKPYk/TIPeTEp/VM="
    },
    "humanize-ms": {
      "version": "1.2.0",
      "resolved": "https://registry.npmjs.org/humanize-ms/-/humanize-ms-1.2.0.tgz",
      "integrity": "sha1-TWkaH6G4eYl4mvjljN39VQYi5NQ="
    },
    "inherits": {
      "version": "2.0.3",
      "resolved": "https://registry.npmjs.org/inherits/-/inherits-2.0.3.tgz",
      "integrity": "sha1-Yzwsg+PaQqUC9SRmAiSA9CCCYd4="
    },
    "is-array-buffer-x": {
      "version": "1.2.1",
      "resolved": "https://registry.npmjs.org/is-array-buffer-x/-/is-array-buffer-x-1.2.1.tgz",
      "integrity": "sha1-V5GAaIthKzaRcA1smrM11v1GlVw="
    },
    "is-function-x": {
      "version": "1.2.0",
      "resolved": "https://registry.npmjs.org/is-function-x/-/is-function-x-1.2.0.tgz",
      "integrity": "sha1-HIOYmfB70j38aV5PBlUQe+hSdi0="
    },
    "is-object-like-x": {
      "version": "1.2.0",
      "resolved": "https://registry.npmjs.org/is-object-like-x/-/is-object-like-x-1.2.0.tgz",
      "integrity": "sha1-tZKdjxKrktrunS91S4MYRLzAjCE="
    },
    "is-primitive": {
      "version": "2.0.0",
      "resolved": "https://registry.npmjs.org/is-primitive/-/is-primitive-2.0.0.tgz",
      "integrity": "sha1-IHurkWOEmcB7Kt8kCkGochADRXU="
    },
    "isarray": {
      "version": "0.0.1",
      "resolved": "https://registry.npmjs.org/isarray/-/isarray-0.0.1.tgz",
      "integrity": "sha1-ihis/Kmo9Bd+Cav8YDiTmwXR7t8="
    },
    "lodash.isnull": {
      "version": "3.0.0",
      "resolved": "https://registry.npmjs.org/lodash.isnull/-/lodash.isnull-3.0.0.tgz",
      "integrity": "sha1-+vvlnqHcon7teGU0A53YTC4HxW4="
    },
    "lru-cache": {
      "version": "2.7.3",
      "resolved": "https://registry.npmjs.org/lru-cache/-/lru-cache-2.7.3.tgz",
      "integrity": "sha1-bUUk6LlV+V1PW1iFHOId1y+06VI=",
      "dev": true
    },
    "minimatch": {
      "version": "0.3.0",
      "resolved": "https://registry.npmjs.org/minimatch/-/minimatch-0.3.0.tgz",
      "integrity": "sha1-J12O2qxPG7MyZHIInnlJyDlGmd0=",
      "dev": true
    },
    "ms": {
      "version": "0.7.3",
      "resolved": "https://registry.npmjs.org/ms/-/ms-0.7.3.tgz",
      "integrity": "sha1-cIFVpeROM/X9D8U+gdDUCpG+H/8="
    },
    "object-inspect": {
      "version": "0.4.0",
      "resolved": "https://registry.npmjs.org/object-inspect/-/object-inspect-0.4.0.tgz",
      "integrity": "sha1-9RV8EWwUVbJDsG7pdwM5LFrYn+w=",
      "dev": true
    },
    "readable-stream": {
      "version": "1.1.14",
      "resolved": "https://registry.npmjs.org/readable-stream/-/readable-stream-1.1.14.tgz",
      "integrity": "sha1-fPTFTvZI44EwhMY23SB54WbAgdk="
    },
    "resumer": {
      "version": "0.0.0",
      "resolved": "https://registry.npmjs.org/resumer/-/resumer-0.0.0.tgz",
      "integrity": "sha1-8ej0YeQGS6Oegq883CqMiT0HZ1k=",
      "dev": true
    },
    "sigmund": {
      "version": "1.0.1",
      "resolved": "https://registry.npmjs.org/sigmund/-/sigmund-1.0.1.tgz",
      "integrity": "sha1-P/IfGYytIXX587eBhT/ZTQ0ZtZA=",
      "dev": true
    },
    "string_decoder": {
      "version": "0.10.31",
      "resolved": "https://registry.npmjs.org/string_decoder/-/string_decoder-0.10.31.tgz",
      "integrity": "sha1-YuIDvEF2bGwoyfyEMB2rHFMQ+pQ="
    },
    "tape": {
      "version": "3.6.1",
      "resolved": "https://registry.npmjs.org/tape/-/tape-3.6.1.tgz",
      "integrity": "sha1-SJPdU+KApfWMDOswwsDrs7zVHh8=",
      "dev": true
    },
    "through": {
      "version": "2.3.8",
      "resolved": "https://registry.npmjs.org/through/-/through-2.3.8.tgz",
      "integrity": "sha1-DdTJ/6q8NXlgsbckEV1+Doai4fU=",
      "dev": true
    },
    "through2": {
      "version": "0.6.5",
      "resolved": "https://registry.npmjs.org/through2/-/through2-0.6.5.tgz",
      "integrity": "sha1-QaucZ7KdVyCQcUEOHXp6lozTrUg=",
      "dependencies": {
        "readable-stream": {
          "version": "1.0.34",
          "resolved": "https://registry.npmjs.org/readable-stream/-/readable-stream-1.0.34.tgz",
          "integrity": "sha1-Elgg40vIQtLyqq+v5MKRbuMsFXw="
        }
      }
    },
    "to-string-tag-x": {
      "version": "1.2.0",
      "resolved": "https://registry.npmjs.org/to-string-tag-x/-/to-string-tag-x-1.2.0.tgz",
      "integrity": "sha1-ItiGG+3eLbjxji2goAKoQ+VuATU="
    },
    "validate.io-undefined": {
      "version": "1.0.3",
      "resolved": "https://registry.npmjs.org/validate.io-undefined/-/validate.io-undefined-1.0.3.tgz",
      "integrity": "sha1-fif8uzFbhB54JDQxiXZxkp4gt/Q="
    },
    "xtend": {
      "version": "4.0.1",
      "resolved": "https://registry.npmjs.org/xtend/-/xtend-4.0.1.tgz",
      "integrity": "sha1-pcbVMr5lbiPbgg77lDofBJmNY68="
    }
  }
}
